
Microsoft Visual Studio Solution File, Format Version 12.00
# Visual Studio Version 17
VisualStudioVersion = 17.8.34511.84
MinimumVisualStudioVersion = 10.0.40219.1
Project("{FAE04EC0-301F-11D3-BF4B-00C04F79EFBC}") = "Es47", "Es47.csproj", "{0B7EB18B-E26D-4D94-B4C8-BF7D42338E40}"
EndProject
Global
	GlobalSection(SolutionConfigurationPlatforms) = preSolution
		Debug|Any CPU = Debug|Any CPU
		Release|Any CPU = Release|Any CPU
	EndGlobalSection
	GlobalSection(ProjectConfigurationPlatforms) = postSolution
		{0B7EB18B-E26D-4D94-B4C8-BF7D42338E40}.Debug|Any CPU.ActiveCfg = Debug|Any CPU
		{0B7EB18B-E26D-4D94-B4C8-BF7D42338E40}.Debug|Any CPU.Build.0 = Debug|Any CPU
		{0B7EB18B-E26D-4D94-B4C8-BF7D42338E40}.Release|Any CPU.ActiveCfg = Release|Any CPU
		{0B7EB18B-E26D-4D94-B4C8-BF7D42338E40}.Release|Any CPU.Build.0 = Release|Any CPU
	EndGlobalSection
	GlobalSection(SolutionProperties) = preSolution
		HideSolutionNode = FALSE
	EndGlobalSection
	GlobalSection(ExtensibilityGlobals) = postSolution
		SolutionGuid = {F0C9A95E-D2DE-4272-AE75-3BC8920EF424}
	EndGlobalSection
EndGlobal
